{
  "name": "lexer",
  "version": "1.0.0",
  "lockfileVersion": 3,
  "requires": true,
  "packages": {
    "": {
      "name": "lexer",
      "version": "1.0.0",
      "license": "ISC",
      "dependencies": {
        "lex": "^1.7.9"
      }
    },
    "node_modules/lex": {
      "version": "1.7.9",
      "resolved": "https://registry.npmjs.org/lex/-/lex-1.7.9.tgz",
      "integrity": "sha512-vzaalVBmFLnMaedq0QAsBAaXsWahzRpvnIBdBjj7y+7EKTS6lnziU2y/PsU2c6rV5qYj2B5IDw0uNJ9peXD0vw==",
      "deprecated": "Package no longer supported. Contact Support at https://www.npmjs.com/support for more info."
    }
  }
}
